
Microsoft Visual Studio Solution File, Format Version 12.00
# Visual Studio Version 17
VisualStudioVersion = 17.8.34408.163
MinimumVisualStudioVersion = 10.0.40219.1
Project("{FAE04EC0-301F-11D3-BF4B-00C04F79EFBC}") = "CENSORED", "ConsoleApp1\CENSORED.csproj", "{03FCE771-6843-4F43-8D2D-B58487685038}"
EndProject
Project("{FAE04EC0-301F-11D3-BF4B-00C04F79EFBC}") = "SHAKE ITTTT", "SHAKE ITTTT\SHAKE ITTTT.csproj", "{11B56789-18BD-4791-8EC2-FCFCE3A1A2C8}"
EndProject
Global
	GlobalSection(SolutionConfigurationPlatforms) = preSolution
		Debug|Any CPU = Debug|Any CPU
		Release|Any CPU = Release|Any CPU
	EndGlobalSection
	GlobalSection(ProjectConfigurationPlatforms) = postSolution
		{03FCE771-6843-4F43-8D2D-B58487685038}.Debug|Any CPU.ActiveCfg = Debug|Any CPU
		{03FCE771-6843-4F43-8D2D-B58487685038}.Debug|Any CPU.Build.0 = Debug|Any CPU
		{03FCE771-6843-4F43-8D2D-B58487685038}.Release|Any CPU.ActiveCfg = Release|Any CPU
		{03FCE771-6843-4F43-8D2D-B58487685038}.Release|Any CPU.Build.0 = Release|Any CPU
		{11B56789-18BD-4791-8EC2-FCFCE3A1A2C8}.Debug|Any CPU.ActiveCfg = Debug|Any CPU
		{11B56789-18BD-4791-8EC2-FCFCE3A1A2C8}.Debug|Any CPU.Build.0 = Debug|Any CPU
		{11B56789-18BD-4791-8EC2-FCFCE3A1A2C8}.Release|Any CPU.ActiveCfg = Release|Any CPU
		{11B56789-18BD-4791-8EC2-FCFCE3A1A2C8}.Release|Any CPU.Build.0 = Release|Any CPU
	EndGlobalSection
	GlobalSection(SolutionProperties) = preSolution
		HideSolutionNode = FALSE
	EndGlobalSection
	GlobalSection(ExtensibilityGlobals) = postSolution
		SolutionGuid = {A5D344ED-FAA5-40EF-B556-DB382783009B}
	EndGlobalSection
EndGlobal
